// !$*UTF8*$!
{
	archiveVersion = 1;
	classes = {
	};
	objectVersion = 77;
	objects = {

/* Begin PBXBuildFile section */
		0A7EAE2853299C0AA3498FEA /* ShareableScorecard.swift in Sources */ = {isa = PBXBuildFile; fileRef = 5C12CCB20FAB50228CAA7F90 /* ShareableScorecard.swift */; };
		0BB40D939502410C7DE206CE /* OfflineCacheService.swift in Sources */ = {isa = PBXBuildFile; fileRef = 3A560622B845F944024C73C4 /* OfflineCacheService.swift */; };
		0DD023962171DA49E8EE34FA /* RoundAnalysisService.swift in Sources */ = {isa = PBXBuildFile; fileRef = F4FA841EE361A8A6683356A2 /* RoundAnalysisService.swift */; };
		133AB3F78F152FA74C017F74 /* ScorecardView.swift in Sources */ = {isa = PBXBuildFile; fileRef = 725DD56D1F62D890CE0D8BA3 /* ScorecardView.swift */; };
		1C2E71EE5EB4F6D0ED5F8537 /* AICaddyApp.swift in Sources */ = {isa = PBXBuildFile; fileRef = E8EE7ADA1828135EDABEF2FF /* AICaddyApp.swift */; };
		1CC85AF4EF4CCE6192718238 /* StatsDeepDiveView.swift in Sources */ = {isa = PBXBuildFile; fileRef = 6749BD8573414804D07B77B6 /* StatsDeepDiveView.swift */; };
		23D4AD25E63F1707C2BE02CD /* HandicapService.swift in Sources */ = {isa = PBXBuildFile; fileRef = 0ABEDBCF82F400AEF161C871 /* HandicapService.swift */; };
		298C58E2C677FB3AB9ADB3D6 /* HomeView.swift in Sources */ = {isa = PBXBuildFile; fileRef = 352C6CE6AD830F25D3D2BF60 /* HomeView.swift */; };
		2A5FCE19856F4DF13DB3498F /* WeatherService.swift in Sources */ = {isa = PBXBuildFile; fileRef = 9511E7B53251E1D392FBBBF2 /* WeatherService.swift */; };
		2C38C8774D86913339DCAF5E /* RoundStats.swift in Sources */ = {isa = PBXBuildFile; fileRef = 1B43A606F8C5C5DFD566FEF7 /* RoundStats.swift */; };
		329D1CBFF15FB18F1C37924D /* HoleScoreUpdater.swift in Sources */ = {isa = PBXBuildFile; fileRef = 3F099100178EDFB1B7F3BA45 /* HoleScoreUpdater.swift */; };
		355C1CD526B8A8E811062120 /* VoiceInputView.swift in Sources */ = {isa = PBXBuildFile; fileRef = 61B74ED2F2B3FFA6C1E485E1 /* VoiceInputView.swift */; };
		366733519C606121C6C2E876 /* HolePlayView.swift in Sources */ = {isa = PBXBuildFile; fileRef = B4E0A604254027D6216E927A /* HolePlayView.swift */; };
		387FE2D7EB158529ACB7A4FD /* OSMCourseService.swift in Sources */ = {isa = PBXBuildFile; fileRef = 19EEC7C93A7B8E77DE153D8E /* OSMCourseService.swift */; };
		3AA9C2721DDE164209FB2F34 /* RoundSummaryView.swift in Sources */ = {isa = PBXBuildFile; fileRef = 7B45489947B763BC5BE14E49 /* RoundSummaryView.swift */; };
		3DE917526B2AE40C8733449F /* LocationService.swift in Sources */ = {isa = PBXBuildFile; fileRef = 502C227A0291EE591F0CFCA8 /* LocationService.swift */; };
		463CA2780EB0B956D9E911E8 /* ShotParserService.swift in Sources */ = {isa = PBXBuildFile; fileRef = 706519D900F9C52E8C878CB2 /* ShotParserService.swift */; };
		4A79F2A7B75057EE2DB9FF51 /* RoundView.swift in Sources */ = {isa = PBXBuildFile; fileRef = 7A82DB5797FE761C9ED26311 /* RoundView.swift */; };
		4BBBAD262882041CF4AC5EBB /* ClubRecommendationService.swift in Sources */ = {isa = PBXBuildFile; fileRef = 579A119761188E4D60A990A5 /* ClubRecommendationService.swift */; };
		4BFD3EFF4E148CB52E8B70EB /* CourseSetupView.swift in Sources */ = {isa = PBXBuildFile; fileRef = 334A4AA0A855E389055DEA43 /* CourseSetupView.swift */; };
		5C72731028331FEBDF26213B /* ExportService.swift in Sources */ = {isa = PBXBuildFile; fileRef = FB6457206F3C30502731ECC0 /* ExportService.swift */; };
		5C99DDB27A7BE4C648564F15 /* ExtendedModels.swift in Sources */ = {isa = PBXBuildFile; fileRef = E560C65FFA64F4A9D6752628 /* ExtendedModels.swift */; };
		6742DBD131C5825BDD9F90F7 /* RoundAnalysisView.swift in Sources */ = {isa = PBXBuildFile; fileRef = 19C086893505ED7E679CE417 /* RoundAnalysisView.swift */; };
		8316A0EB61589311BC18534F /* RoundLiveActivity.swift in Sources */ = {isa = PBXBuildFile; fileRef = B22A17264A358E975244F90C /* RoundLiveActivity.swift */; };
		85038848678A47592563BB93 /* CourseSearchView.swift in Sources */ = {isa = PBXBuildFile; fileRef = 970437C2F8387B52A916A2A3 /* CourseSearchView.swift */; };
		8C2819081726D8D09B37F60D /* AdvancedStats.swift in Sources */ = {isa = PBXBuildFile; fileRef = 03BF9FEA2F3FC7E6E183991C /* AdvancedStats.swift */; };
		A3A57BDD2BAF5BA3BE03CF7F /* ScoreCircle.swift in Sources */ = {isa = PBXBuildFile; fileRef = BD75293EC001B0A3A6609699 /* ScoreCircle.swift */; };
		B1ED42A32AE1F01CB217CF80 /* HealthKitService.swift in Sources */ = {isa = PBXBuildFile; fileRef = 1F9E8DADAFEA23521CD3C893 /* HealthKitService.swift */; };
		B4171EE933E880B85BA3B83F /* ClubRecommendationView.swift in Sources */ = {isa = PBXBuildFile; fileRef = 03E948ACC318C9F5B8F72A71 /* ClubRecommendationView.swift */; };
		B455A99DEBD881AECCD92852 /* CarPlayScene.swift in Sources */ = {isa = PBXBuildFile; fileRef = 900026EBFD6AC25D31DAE9E3 /* CarPlayScene.swift */; };
		B49F97A6F74634F5C7F0594B /* ShotTracerView.swift in Sources */ = {isa = PBXBuildFile; fileRef = 042698D98839BF0E004999E1 /* ShotTracerView.swift */; };
		B7A6FE3B5EFD426440A4FEC8 /* HapticsService.swift in Sources */ = {isa = PBXBuildFile; fileRef = 843444182B848DABD217F984 /* HapticsService.swift */; };
		CF6A134555C81B80DBB4102B /* ElevationService.swift in Sources */ = {isa = PBXBuildFile; fileRef = 0B6C4E9C090B1018177B39E8 /* ElevationService.swift */; };
		D921B64EA91459292B8D1AC1 /* AICaddyService.swift in Sources */ = {isa = PBXBuildFile; fileRef = 33594F2F3F3E610DB7466E25 /* AICaddyService.swift */; };
		E7EF387EA8FE314528ABCEC5 /* HoleMapView.swift in Sources */ = {isa = PBXBuildFile; fileRef = 8CD79CED274D3F18A0A893E6 /* HoleMapView.swift */; };
		E9AB3AB8D56F4A3AC3C8FD99 /* HistoryView.swift in Sources */ = {isa = PBXBuildFile; fileRef = 9718753D8521611BEE82BEB8 /* HistoryView.swift */; };
		EB5F2C4C9BA74E1E4D67039F /* GolfModels.swift in Sources */ = {isa = PBXBuildFile; fileRef = 2C7AECDD51C1B345C1714B85 /* GolfModels.swift */; };
		F4CC817A8CCA1C6207243AE0 /* BagView.swift in Sources */ = {isa = PBXBuildFile; fileRef = BF5E52C273550B182E860B32 /* BagView.swift */; };
		F5058B386E027D1A0DFCB3B6 /* SpeechService.swift in Sources */ = {isa = PBXBuildFile; fileRef = 8EFE4BA021675A757D053623 /* SpeechService.swift */; };
		FCF12A9D2D80E37850F27FD5 /* SiriShortcutsService.swift in Sources */ = {isa = PBXBuildFile; fileRef = 7EF986CF27890020682551C2 /* SiriShortcutsService.swift */; };
		FF0A3D5695D2DBEB701C0E17 /* AutoAdvanceService.swift in Sources */ = {isa = PBXBuildFile; fileRef = FE9956F7378791D154F23BC1 /* AutoAdvanceService.swift */; };
/* End PBXBuildFile section */

/* Begin PBXFileReference section */
		03BF9FEA2F3FC7E6E183991C /* AdvancedStats.swift */ = {isa = PBXFileReference; lastKnownFileType = sourcecode.swift; path = AdvancedStats.swift; sourceTree = "<group>"; };
		03E948ACC318C9F5B8F72A71 /* ClubRecommendationView.swift */ = {isa = PBXFileReference; lastKnownFileType = sourcecode.swift; path = ClubRecommendationView.swift; sourceTree = "<group>"; };
		042698D98839BF0E004999E1 /* ShotTracerView.swift */ = {isa = PBXFileReference; lastKnownFileType = sourcecode.swift; path = ShotTracerView.swift; sourceTree = "<group>"; };
		0ABEDBCF82F400AEF161C871 /* HandicapService.swift */ = {isa = PBXFileReference; lastKnownFileType = sourcecode.swift; path = HandicapService.swift; sourceTree = "<group>"; };
		0B6C4E9C090B1018177B39E8 /* ElevationService.swift */ = {isa = PBXFileReference; lastKnownFileType = sourcecode.swift; path = ElevationService.swift; sourceTree = "<group>"; };
		19C086893505ED7E679CE417 /* RoundAnalysisView.swift */ = {isa = PBXFileReference; lastKnownFileType = sourcecode.swift; path = RoundAnalysisView.swift; sourceTree = "<group>"; };
		19EEC7C93A7B8E77DE153D8E /* OSMCourseService.swift */ = {isa = PBXFileReference; lastKnownFileType = sourcecode.swift; path = OSMCourseService.swift; sourceTree = "<group>"; };
		1B43A606F8C5C5DFD566FEF7 /* RoundStats.swift */ = {isa = PBXFileReference; lastKnownFileType = sourcecode.swift; path = RoundStats.swift; sourceTree = "<group>"; };
		1F9E8DADAFEA23521CD3C893 /* HealthKitService.swift */ = {isa = PBXFileReference; lastKnownFileType = sourcecode.swift; path = HealthKitService.swift; sourceTree = "<group>"; };
		21ED485DAC9D0C2471F7E85B /* AICaddy.app */ = {isa = PBXFileReference; includeInIndex = 0; lastKnownFileType = wrapper.application; path = AICaddy.app; sourceTree = BUILT_PRODUCTS_DIR; };
		2C7AECDD51C1B345C1714B85 /* GolfModels.swift */ = {isa = PBXFileReference; lastKnownFileType = sourcecode.swift; path = GolfModels.swift; sourceTree = "<group>"; };
		334A4AA0A855E389055DEA43 /* CourseSetupView.swift */ = {isa = PBXFileReference; lastKnownFileType = sourcecode.swift; path = CourseSetupView.swift; sourceTree = "<group>"; };
		33594F2F3F3E610DB7466E25 /* AICaddyService.swift */ = {isa = PBXFileReference; lastKnownFileType = sourcecode.swift; path = AICaddyService.swift; sourceTree = "<group>"; };
		352C6CE6AD830F25D3D2BF60 /* HomeView.swift */ = {isa = PBXFileReference; lastKnownFileType = sourcecode.swift; path = HomeView.swift; sourceTree = "<group>"; };
		3A560622B845F944024C73C4 /* OfflineCacheService.swift */ = {isa = PBXFileReference; lastKnownFileType = sourcecode.swift; path = OfflineCacheService.swift; sourceTree = "<group>"; };
		3F099100178EDFB1B7F3BA45 /* HoleScoreUpdater.swift */ = {isa = PBXFileReference; lastKnownFileType = sourcecode.swift; path = HoleScoreUpdater.swift; sourceTree = "<group>"; };
		502C227A0291EE591F0CFCA8 /* LocationService.swift */ = {isa = PBXFileReference; lastKnownFileType = sourcecode.swift; path = LocationService.swift; sourceTree = "<group>"; };
		579A119761188E4D60A990A5 /* ClubRecommendationService.swift */ = {isa = PBXFileReference; lastKnownFileType = sourcecode.swift; path = ClubRecommendationService.swift; sourceTree = "<group>"; };
		5C12CCB20FAB50228CAA7F90 /* ShareableScorecard.swift */ = {isa = PBXFileReference; lastKnownFileType = sourcecode.swift; path = ShareableScorecard.swift; sourceTree = "<group>"; };
		61B74ED2F2B3FFA6C1E485E1 /* VoiceInputView.swift */ = {isa = PBXFileReference; lastKnownFileType = sourcecode.swift; path = VoiceInputView.swift; sourceTree = "<group>"; };
		6749BD8573414804D07B77B6 /* StatsDeepDiveView.swift */ = {isa = PBXFileReference; lastKnownFileType = sourcecode.swift; path = StatsDeepDiveView.swift; sourceTree = "<group>"; };
		706519D900F9C52E8C878CB2 /* ShotParserService.swift */ = {isa = PBXFileReference; lastKnownFileType = sourcecode.swift; path = ShotParserService.swift; sourceTree = "<group>"; };
		725DD56D1F62D890CE0D8BA3 /* ScorecardView.swift */ = {isa = PBXFileReference; lastKnownFileType = sourcecode.swift; path = ScorecardView.swift; sourceTree = "<group>"; };
		7A82DB5797FE761C9ED26311 /* RoundView.swift */ = {isa = PBXFileReference; lastKnownFileType = sourcecode.swift; path = RoundView.swift; sourceTree = "<group>"; };
		7B45489947B763BC5BE14E49 /* RoundSummaryView.swift */ = {isa = PBXFileReference; lastKnownFileType = sourcecode.swift; path = RoundSummaryView.swift; sourceTree = "<group>"; };
		7EF986CF27890020682551C2 /* SiriShortcutsService.swift */ = {isa = PBXFileReference; lastKnownFileType = sourcecode.swift; path = SiriShortcutsService.swift; sourceTree = "<group>"; };
		843444182B848DABD217F984 /* HapticsService.swift */ = {isa = PBXFileReference; lastKnownFileType = sourcecode.swift; path = HapticsService.swift; sourceTree = "<group>"; };
		8CD79CED274D3F18A0A893E6 /* HoleMapView.swift */ = {isa = PBXFileReference; lastKnownFileType = sourcecode.swift; path = HoleMapView.swift; sourceTree = "<group>"; };
		8EFE4BA021675A757D053623 /* SpeechService.swift */ = {isa = PBXFileReference; lastKnownFileType = sourcecode.swift; path = SpeechService.swift; sourceTree = "<group>"; };
		900026EBFD6AC25D31DAE9E3 /* CarPlayScene.swift */ = {isa = PBXFileReference; lastKnownFileType = sourcecode.swift; path = CarPlayScene.swift; sourceTree = "<group>"; };
		9511E7B53251E1D392FBBBF2 /* WeatherService.swift */ = {isa = PBXFileReference; lastKnownFileType = sourcecode.swift; path = WeatherService.swift; sourceTree = "<group>"; };
		970437C2F8387B52A916A2A3 /* CourseSearchView.swift */ = {isa = PBXFileReference; lastKnownFileType = sourcecode.swift; path = CourseSearchView.swift; sourceTree = "<group>"; };
		9718753D8521611BEE82BEB8 /* HistoryView.swift */ = {isa = PBXFileReference; lastKnownFileType = sourcecode.swift; path = HistoryView.swift; sourceTree = "<group>"; };
		B22A17264A358E975244F90C /* RoundLiveActivity.swift */ = {isa = PBXFileReference; lastKnownFileType = sourcecode.swift; path = RoundLiveActivity.swift; sourceTree = "<group>"; };
		B4E0A604254027D6216E927A /* HolePlayView.swift */ = {isa = PBXFileReference; lastKnownFileType = sourcecode.swift; path = HolePlayView.swift; sourceTree = "<group>"; };
		BD75293EC001B0A3A6609699 /* ScoreCircle.swift */ = {isa = PBXFileReference; lastKnownFileType = sourcecode.swift; path = ScoreCircle.swift; sourceTree = "<group>"; };
		BF5E52C273550B182E860B32 /* BagView.swift */ = {isa = PBXFileReference; lastKnownFileType = sourcecode.swift; path = BagView.swift; sourceTree = "<group>"; };
		E560C65FFA64F4A9D6752628 /* ExtendedModels.swift */ = {isa = PBXFileReference; lastKnownFileType = sourcecode.swift; path = ExtendedModels.swift; sourceTree = "<group>"; };
		E8EE7ADA1828135EDABEF2FF /* AICaddyApp.swift */ = {isa = PBXFileReference; lastKnownFileType = sourcecode.swift; path = AICaddyApp.swift; sourceTree = "<group>"; };
		F4FA841EE361A8A6683356A2 /* RoundAnalysisService.swift */ = {isa = PBXFileReference; lastKnownFileType = sourcecode.swift; path = RoundAnalysisService.swift; sourceTree = "<group>"; };
		FB6457206F3C30502731ECC0 /* ExportService.swift */ = {isa = PBXFileReference; lastKnownFileType = sourcecode.swift; path = ExportService.swift; sourceTree = "<group>"; };
		FE9956F7378791D154F23BC1 /* AutoAdvanceService.swift */ = {isa = PBXFileReference; lastKnownFileType = sourcecode.swift; path = AutoAdvanceService.swift; sourceTree = "<group>"; };
/* End PBXFileReference section */

/* Begin PBXGroup section */
		39509E3A6F881EC175CE71B1 /* CarPlay */ = {
			isa = PBXGroup;
			children = (
				900026EBFD6AC25D31DAE9E3 /* CarPlayScene.swift */,
			);
			path = CarPlay;
			sourceTree = "<group>";
		};
		3CAB3A5F83070F0D7E99CB80 /* Stats */ = {
			isa = PBXGroup;
			children = (
				6749BD8573414804D07B77B6 /* StatsDeepDiveView.swift */,
			);
			path = Stats;
			sourceTree = "<group>";
		};
		3E4149ECE8EBEBA958A9B81D /* Components */ = {
			isa = PBXGroup;
			children = (
				03E948ACC318C9F5B8F72A71 /* ClubRecommendationView.swift */,
				BD75293EC001B0A3A6609699 /* ScoreCircle.swift */,
				5C12CCB20FAB50228CAA7F90 /* ShareableScorecard.swift */,
				61B74ED2F2B3FFA6C1E485E1 /* VoiceInputView.swift */,
			);
			path = Components;
			sourceTree = "<group>";
		};
		40F74EC4BF4C9CB6F91DE2C1 /* Map */ = {
			isa = PBXGroup;
			children = (
				8CD79CED274D3F18A0A893E6 /* HoleMapView.swift */,
				042698D98839BF0E004999E1 /* ShotTracerView.swift */,
			);
			path = Map;
			sourceTree = "<group>";
		};
		4629A935FC82D486F66C7980 = {
			isa = PBXGroup;
			children = (
				B0730A644E271A7B7F0B88B6 /* AICaddy */,
				C982C0376BF3E799BDACBDAD /* Products */,
			);
			sourceTree = "<group>";
		};
		6090B80DEA8E1DA169B47783 /* LiveActivity */ = {
			isa = PBXGroup;
			children = (
				B22A17264A358E975244F90C /* RoundLiveActivity.swift */,
			);
			path = LiveActivity;
			sourceTree = "<group>";
		};
		6A835ED2BA899D86C317517B /* Round */ = {
			isa = PBXGroup;
			children = (
				970437C2F8387B52A916A2A3 /* CourseSearchView.swift */,
				334A4AA0A855E389055DEA43 /* CourseSetupView.swift */,
				B4E0A604254027D6216E927A /* HolePlayView.swift */,
				19C086893505ED7E679CE417 /* RoundAnalysisView.swift */,
				7B45489947B763BC5BE14E49 /* RoundSummaryView.swift */,
				7A82DB5797FE761C9ED26311 /* RoundView.swift */,
				725DD56D1F62D890CE0D8BA3 /* ScorecardView.swift */,
			);
			path = Round;
			sourceTree = "<group>";
		};
		930A05F6A6106B1BDA1E09F7 /* Services */ = {
			isa = PBXGroup;
			children = (
				33594F2F3F3E610DB7466E25 /* AICaddyService.swift */,
				FE9956F7378791D154F23BC1 /* AutoAdvanceService.swift */,
				579A119761188E4D60A990A5 /* ClubRecommendationService.swift */,
				0B6C4E9C090B1018177B39E8 /* ElevationService.swift */,
				FB6457206F3C30502731ECC0 /* ExportService.swift */,
				0ABEDBCF82F400AEF161C871 /* HandicapService.swift */,
				843444182B848DABD217F984 /* HapticsService.swift */,
				1F9E8DADAFEA23521CD3C893 /* HealthKitService.swift */,
				502C227A0291EE591F0CFCA8 /* LocationService.swift */,
				3A560622B845F944024C73C4 /* OfflineCacheService.swift */,
				19EEC7C93A7B8E77DE153D8E /* OSMCourseService.swift */,
				F4FA841EE361A8A6683356A2 /* RoundAnalysisService.swift */,
				706519D900F9C52E8C878CB2 /* ShotParserService.swift */,
				7EF986CF27890020682551C2 /* SiriShortcutsService.swift */,
				8EFE4BA021675A757D053623 /* SpeechService.swift */,
				9511E7B53251E1D392FBBBF2 /* WeatherService.swift */,
			);
			path = Services;
			sourceTree = "<group>";
		};
		9B2629770C5A35ADFCEE4E41 /* History */ = {
			isa = PBXGroup;
			children = (
				9718753D8521611BEE82BEB8 /* HistoryView.swift */,
			);
			path = History;
			sourceTree = "<group>";
		};
		B0730A644E271A7B7F0B88B6 /* AICaddy */ = {
			isa = PBXGroup;
			children = (
				E8EE7ADA1828135EDABEF2FF /* AICaddyApp.swift */,
				6090B80DEA8E1DA169B47783 /* LiveActivity */,
				E0696A9DFE6F52EDA1893443 /* Models */,
				930A05F6A6106B1BDA1E09F7 /* Services */,
				B4E7C5525B2994DD02F79F25 /* Views */,
			);
			name = AICaddy;
			path = ../AICaddy;
			sourceTree = "<group>";
		};
		B4E7C5525B2994DD02F79F25 /* Views */ = {
			isa = PBXGroup;
			children = (
				352C6CE6AD830F25D3D2BF60 /* HomeView.swift */,
				39509E3A6F881EC175CE71B1 /* CarPlay */,
				3E4149ECE8EBEBA958A9B81D /* Components */,
				F307E786887B50E27F845B9B /* Equipment */,
				9B2629770C5A35ADFCEE4E41 /* History */,
				40F74EC4BF4C9CB6F91DE2C1 /* Map */,
				6A835ED2BA899D86C317517B /* Round */,
				3CAB3A5F83070F0D7E99CB80 /* Stats */,
			);
			path = Views;
			sourceTree = "<group>";
		};
		C982C0376BF3E799BDACBDAD /* Products */ = {
			isa = PBXGroup;
			children = (
				21ED485DAC9D0C2471F7E85B /* AICaddy.app */,
			);
			name = Products;
			sourceTree = "<group>";
		};
		E0696A9DFE6F52EDA1893443 /* Models */ = {
			isa = PBXGroup;
			children = (
				03BF9FEA2F3FC7E6E183991C /* AdvancedStats.swift */,
				E560C65FFA64F4A9D6752628 /* ExtendedModels.swift */,
				2C7AECDD51C1B345C1714B85 /* GolfModels.swift */,
				3F099100178EDFB1B7F3BA45 /* HoleScoreUpdater.swift */,
				1B43A606F8C5C5DFD566FEF7 /* RoundStats.swift */,
			);
			path = Models;
			sourceTree = "<group>";
		};
		F307E786887B50E27F845B9B /* Equipment */ = {
			isa = PBXGroup;
			children = (
				BF5E52C273550B182E860B32 /* BagView.swift */,
			);
			path = Equipment;
			sourceTree = "<group>";
		};
/* End PBXGroup section */

/* Begin PBXNativeTarget section */
		FDFB12E31BD58E4D5BCC8D19 /* AICaddy */ = {
			isa = PBXNativeTarget;
			buildConfigurationList = 07549A4CCBAB1A126FC19DFC /* Build configuration list for PBXNativeTarget "AICaddy" */;
			buildPhases = (
				91F61DF1FAE723D18DBAEE39 /* Sources */,
			);
			buildRules = (
			);
			dependencies = (
			);
			name = AICaddy;
			packageProductDependencies = (
			);
			productName = AICaddy;
			productReference = 21ED485DAC9D0C2471F7E85B /* AICaddy.app */;
			productType = "com.apple.product-type.application";
		};
/* End PBXNativeTarget section */

/* Begin PBXProject section */
		A3D44973D9914F7BC5B26683 /* Project object */ = {
			isa = PBXProject;
			attributes = {
				BuildIndependentTargetsInParallel = YES;
				LastUpgradeCheck = 1600;
				TargetAttributes = {
					FDFB12E31BD58E4D5BCC8D19 = {
						ProvisioningStyle = Automatic;
					};
				};
			};
			buildConfigurationList = D4599F3F1BC4D75414C5D860 /* Build configuration list for PBXProject "AICaddyApp" */;
			compatibilityVersion = "Xcode 14.0";
			developmentRegion = en;
			hasScannedForEncodings = 0;
			knownRegions = (
				Base,
				en,
			);
			mainGroup = 4629A935FC82D486F66C7980;
			minimizedProjectReferenceProxies = 1;
			preferredProjectObjectVersion = 77;
			projectDirPath = "";
			projectRoot = "";
			targets = (
				FDFB12E31BD58E4D5BCC8D19 /* AICaddy */,
			);
		};
/* End PBXProject section */

/* Begin PBXSourcesBuildPhase section */
		91F61DF1FAE723D18DBAEE39 /* Sources */ = {
			isa = PBXSourcesBuildPhase;
			buildActionMask = 2147483647;
			files = (
				1C2E71EE5EB4F6D0ED5F8537 /* AICaddyApp.swift in Sources */,
				D921B64EA91459292B8D1AC1 /* AICaddyService.swift in Sources */,
				8C2819081726D8D09B37F60D /* AdvancedStats.swift in Sources */,
				FF0A3D5695D2DBEB701C0E17 /* AutoAdvanceService.swift in Sources */,
				F4CC817A8CCA1C6207243AE0 /* BagView.swift in Sources */,
				B455A99DEBD881AECCD92852 /* CarPlayScene.swift in Sources */,
				4BBBAD262882041CF4AC5EBB /* ClubRecommendationService.swift in Sources */,
				B4171EE933E880B85BA3B83F /* ClubRecommendationView.swift in Sources */,
				85038848678A47592563BB93 /* CourseSearchView.swift in Sources */,
				4BFD3EFF4E148CB52E8B70EB /* CourseSetupView.swift in Sources */,
				CF6A134555C81B80DBB4102B /* ElevationService.swift in Sources */,
				5C72731028331FEBDF26213B /* ExportService.swift in Sources */,
				5C99DDB27A7BE4C648564F15 /* ExtendedModels.swift in Sources */,
				EB5F2C4C9BA74E1E4D67039F /* GolfModels.swift in Sources */,
				23D4AD25E63F1707C2BE02CD /* HandicapService.swift in Sources */,
				B7A6FE3B5EFD426440A4FEC8 /* HapticsService.swift in Sources */,
				B1ED42A32AE1F01CB217CF80 /* HealthKitService.swift in Sources */,
				E9AB3AB8D56F4A3AC3C8FD99 /* HistoryView.swift in Sources */,
				E7EF387EA8FE314528ABCEC5 /* HoleMapView.swift in Sources */,
				366733519C606121C6C2E876 /* HolePlayView.swift in Sources */,
				329D1CBFF15FB18F1C37924D /* HoleScoreUpdater.swift in Sources */,
				298C58E2C677FB3AB9ADB3D6 /* HomeView.swift in Sources */,
				3DE917526B2AE40C8733449F /* LocationService.swift in Sources */,
				387FE2D7EB158529ACB7A4FD /* OSMCourseService.swift in Sources */,
				0BB40D939502410C7DE206CE /* OfflineCacheService.swift in Sources */,
				0DD023962171DA49E8EE34FA /* RoundAnalysisService.swift in Sources */,
				6742DBD131C5825BDD9F90F7 /* RoundAnalysisView.swift in Sources */,
				8316A0EB61589311BC18534F /* RoundLiveActivity.swift in Sources */,
				2C38C8774D86913339DCAF5E /* RoundStats.swift in Sources */,
				3AA9C2721DDE164209FB2F34 /* RoundSummaryView.swift in Sources */,
				4A79F2A7B75057EE2DB9FF51 /* RoundView.swift in Sources */,
				A3A57BDD2BAF5BA3BE03CF7F /* ScoreCircle.swift in Sources */,
				133AB3F78F152FA74C017F74 /* ScorecardView.swift in Sources */,
				0A7EAE2853299C0AA3498FEA /* ShareableScorecard.swift in Sources */,
				463CA2780EB0B956D9E911E8 /* ShotParserService.swift in Sources */,
				B49F97A6F74634F5C7F0594B /* ShotTracerView.swift in Sources */,
				FCF12A9D2D80E37850F27FD5 /* SiriShortcutsService.swift in Sources */,
				F5058B386E027D1A0DFCB3B6 /* SpeechService.swift in Sources */,
				1CC85AF4EF4CCE6192718238 /* StatsDeepDiveView.swift in Sources */,
				355C1CD526B8A8E811062120 /* VoiceInputView.swift in Sources */,
				2A5FCE19856F4DF13DB3498F /* WeatherService.swift in Sources */,
			);
			runOnlyForDeploymentPostprocessing = 0;
		};
/* End PBXSourcesBuildPhase section */

/* Begin XCBuildConfiguration section */
		0ACFCD382201E1B6C7E7B395 /* Debug */ = {
			isa = XCBuildConfiguration;
			buildSettings = {
				ANTHROPIC_API_KEY = "";
				ASSETCATALOG_COMPILER_APPICON_NAME = AppIcon;
				CODE_SIGN_IDENTITY = "iPhone Developer";
				CODE_SIGN_STYLE = Automatic;
				CURRENT_PROJECT_VERSION = 1;
				ENABLE_USER_SCRIPT_SANDBOXING = YES;
				GENERATE_INFOPLIST_FILE = YES;
				INFOPLIST_FILE = ../AICaddy/Info.plist;
				INFOPLIST_KEY_CFBundleDisplayName = "AI Caddy";
				INFOPLIST_KEY_UILaunchScreen_Generation = YES;
				INFOPLIST_KEY_UISupportedInterfaceOrientations_iPhone = UIInterfaceOrientationPortrait;
				LD_RUNPATH_SEARCH_PATHS = (
					"$(inherited)",
					"@executable_path/Frameworks",
				);
				MARKETING_VERSION = 1.0;
				PRODUCT_BUNDLE_IDENTIFIER = com.gehrig.aicaddy;
				PRODUCT_NAME = "AI Caddy";
				SDKROOT = iphoneos;
				SWIFT_VERSION = 5.0;
				TARGETED_DEVICE_FAMILY = 1;
			};
			name = Debug;
		};
		626EE19EEE04BED501A70F8E /* Debug */ = {
			isa = XCBuildConfiguration;
			buildSettings = {
				ALWAYS_SEARCH_USER_PATHS = NO;
				CLANG_ANALYZER_NONNULL = YES;
				CLANG_ANALYZER_NUMBER_OBJECT_CONVERSION = YES_AGGRESSIVE;
				CLANG_CXX_LANGUAGE_STANDARD = "gnu++14";
				CLANG_CXX_LIBRARY = "libc++";
				CLANG_ENABLE_MODULES = YES;
				CLANG_ENABLE_OBJC_ARC = YES;
				CLANG_ENABLE_OBJC_WEAK = YES;
				CLANG_WARN_BLOCK_CAPTURE_AUTORELEASING = YES;
				CLANG_WARN_BOOL_CONVERSION = YES;
				CLANG_WARN_COMMA = YES;
				CLANG_WARN_CONSTANT_CONVERSION = YES;
				CLANG_WARN_DEPRECATED_OBJC_IMPLEMENTATIONS = YES;
				CLANG_WARN_DIRECT_OBJC_ISA_USAGE = YES_ERROR;
				CLANG_WARN_DOCUMENTATION_COMMENTS = YES;
				CLANG_WARN_EMPTY_BODY = YES;
				CLANG_WARN_ENUM_CONVERSION = YES;
				CLANG_WARN_INFINITE_RECURSION = YES;
				CLANG_WARN_INT_CONVERSION = YES;
				CLANG_WARN_NON_LITERAL_NULL_CONVERSION = YES;
				CLANG_WARN_OBJC_IMPLICIT_RETAIN_SELF = YES;
				CLANG_WARN_OBJC_LITERAL_CONVERSION = YES;
				CLANG_WARN_OBJC_ROOT_CLASS = YES_ERROR;
				CLANG_WARN_QUOTED_INCLUDE_IN_FRAMEWORK_HEADER = YES;
				CLANG_WARN_RANGE_LOOP_ANALYSIS = YES;
				CLANG_WARN_STRICT_PROTOTYPES = YES;
				CLANG_WARN_SUSPICIOUS_MOVE = YES;
				CLANG_WARN_UNGUARDED_AVAILABILITY = YES_AGGRESSIVE;
				CLANG_WARN_UNREACHABLE_CODE = YES;
				CLANG_WARN__DUPLICATE_METHOD_MATCH = YES;
				COPY_PHASE_STRIP = NO;
				DEBUG_INFORMATION_FORMAT = dwarf;
				ENABLE_STRICT_OBJC_MSGSEND = YES;
				ENABLE_TESTABILITY = YES;
				GCC_C_LANGUAGE_STANDARD = gnu11;
				GCC_DYNAMIC_NO_PIC = NO;
				GCC_NO_COMMON_BLOCKS = YES;
				GCC_OPTIMIZATION_LEVEL = 0;
				GCC_PREPROCESSOR_DEFINITIONS = (
					"$(inherited)",
					"DEBUG=1",
				);
				GCC_WARN_64_TO_32_BIT_CONVERSION = YES;
				GCC_WARN_ABOUT_RETURN_TYPE = YES_ERROR;
				GCC_WARN_UNDECLARED_SELECTOR = YES;
				GCC_WARN_UNINITIALIZED_AUTOS = YES_AGGRESSIVE;
				GCC_WARN_UNUSED_FUNCTION = YES;
				GCC_WARN_UNUSED_VARIABLE = YES;
				IPHONEOS_DEPLOYMENT_TARGET = 17.0;
				MTL_ENABLE_DEBUG_INFO = INCLUDE_SOURCE;
				MTL_FAST_MATH = YES;
				ONLY_ACTIVE_ARCH = YES;
				PRODUCT_NAME = "$(TARGET_NAME)";
				SDKROOT = iphoneos;
				SWIFT_ACTIVE_COMPILATION_CONDITIONS = DEBUG;
				SWIFT_OPTIMIZATION_LEVEL = "-Onone";
				SWIFT_VERSION = 5.0;
			};
			name = Debug;
		};
		A4BEB1F96C6F55942A8B0C04 /* Release */ = {
			isa = XCBuildConfiguration;
			buildSettings = {
				ANTHROPIC_API_KEY = "";
				ASSETCATALOG_COMPILER_APPICON_NAME = AppIcon;
				CODE_SIGN_IDENTITY = "iPhone Developer";
				CODE_SIGN_STYLE = Automatic;
				CURRENT_PROJECT_VERSION = 1;
				ENABLE_USER_SCRIPT_SANDBOXING = YES;
				GENERATE_INFOPLIST_FILE = YES;
				INFOPLIST_FILE = ../AICaddy/Info.plist;
				INFOPLIST_KEY_CFBundleDisplayName = "AI Caddy";
				INFOPLIST_KEY_UILaunchScreen_Generation = YES;
				INFOPLIST_KEY_UISupportedInterfaceOrientations_iPhone = UIInterfaceOrientationPortrait;
				LD_RUNPATH_SEARCH_PATHS = (
					"$(inherited)",
					"@executable_path/Frameworks",
				);
				MARKETING_VERSION = 1.0;
				PRODUCT_BUNDLE_IDENTIFIER = com.gehrig.aicaddy;
				PRODUCT_NAME = "AI Caddy";
				SDKROOT = iphoneos;
				SWIFT_VERSION = 5.0;
				TARGETED_DEVICE_FAMILY = 1;
			};
			name = Release;
		};
		D159359C7F8D5E083B9D9912 /* Release */ = {
			isa = XCBuildConfiguration;
			buildSettings = {
				ALWAYS_SEARCH_USER_PATHS = NO;
				CLANG_ANALYZER_NONNULL = YES;
				CLANG_ANALYZER_NUMBER_OBJECT_CONVERSION = YES_AGGRESSIVE;
				CLANG_CXX_LANGUAGE_STANDARD = "gnu++14";
				CLANG_CXX_LIBRARY = "libc++";
				CLANG_ENABLE_MODULES = YES;
				CLANG_ENABLE_OBJC_ARC = YES;
				CLANG_ENABLE_OBJC_WEAK = YES;
				CLANG_WARN_BLOCK_CAPTURE_AUTORELEASING = YES;
				CLANG_WARN_BOOL_CONVERSION = YES;
				CLANG_WARN_COMMA = YES;
				CLANG_WARN_CONSTANT_CONVERSION = YES;
				CLANG_WARN_DEPRECATED_OBJC_IMPLEMENTATIONS = YES;
				CLANG_WARN_DIRECT_OBJC_ISA_USAGE = YES_ERROR;
				CLANG_WARN_DOCUMENTATION_COMMENTS = YES;
				CLANG_WARN_EMPTY_BODY = YES;
				CLANG_WARN_ENUM_CONVERSION = YES;
				CLANG_WARN_INFINITE_RECURSION = YES;
				CLANG_WARN_INT_CONVERSION = YES;
				CLANG_WARN_NON_LITERAL_NULL_CONVERSION = YES;
				CLANG_WARN_OBJC_IMPLICIT_RETAIN_SELF = YES;
				CLANG_WARN_OBJC_LITERAL_CONVERSION = YES;
				CLANG_WARN_OBJC_ROOT_CLASS = YES_ERROR;
				CLANG_WARN_QUOTED_INCLUDE_IN_FRAMEWORK_HEADER = YES;
				CLANG_WARN_RANGE_LOOP_ANALYSIS = YES;
				CLANG_WARN_STRICT_PROTOTYPES = YES;
				CLANG_WARN_SUSPICIOUS_MOVE = YES;
				CLANG_WARN_UNGUARDED_AVAILABILITY = YES_AGGRESSIVE;
				CLANG_WARN_UNREACHABLE_CODE = YES;
				CLANG_WARN__DUPLICATE_METHOD_MATCH = YES;
				COPY_PHASE_STRIP = NO;
				DEBUG_INFORMATION_FORMAT = "dwarf-with-dsym";
				ENABLE_NS_ASSERTIONS = NO;
				ENABLE_STRICT_OBJC_MSGSEND = YES;
				GCC_C_LANGUAGE_STANDARD = gnu11;
				GCC_NO_COMMON_BLOCKS = YES;
				GCC_WARN_64_TO_32_BIT_CONVERSION = YES;
				GCC_WARN_ABOUT_RETURN_TYPE = YES_ERROR;
				GCC_WARN_UNDECLARED_SELECTOR = YES;
				GCC_WARN_UNINITIALIZED_AUTOS = YES_AGGRESSIVE;
				GCC_WARN_UNUSED_FUNCTION = YES;
				GCC_WARN_UNUSED_VARIABLE = YES;
				IPHONEOS_DEPLOYMENT_TARGET = 17.0;
				MTL_ENABLE_DEBUG_INFO = NO;
				MTL_FAST_MATH = YES;
				PRODUCT_NAME = "$(TARGET_NAME)";
				SDKROOT = iphoneos;
				SWIFT_COMPILATION_MODE = wholemodule;
				SWIFT_OPTIMIZATION_LEVEL = "-O";
				SWIFT_VERSION = 5.0;
			};
			name = Release;
		};
/* End XCBuildConfiguration section */

/* Begin XCConfigurationList section */
		07549A4CCBAB1A126FC19DFC /* Build configuration list for PBXNativeTarget "AICaddy" */ = {
			isa = XCConfigurationList;
			buildConfigurations = (
				0ACFCD382201E1B6C7E7B395 /* Debug */,
				A4BEB1F96C6F55942A8B0C04 /* Release */,
			);
			defaultConfigurationIsVisible = 0;
			defaultConfigurationName = Debug;
		};
		D4599F3F1BC4D75414C5D860 /* Build configuration list for PBXProject "AICaddyApp" */ = {
			isa = XCConfigurationList;
			buildConfigurations = (
				626EE19EEE04BED501A70F8E /* Debug */,
				D159359C7F8D5E083B9D9912 /* Release */,
			);
			defaultConfigurationIsVisible = 0;
			defaultConfigurationName = Debug;
		};
/* End XCConfigurationList section */
	};
	rootObject = A3D44973D9914F7BC5B26683 /* Project object */;
}
